github.com/google/jsonschema-go v0.3.0 h1:6AH2TxVNtk3IlvkkhjrtbUc4S8AvO0Xii0DxIygDg+Q=
github.com/google/jsonschema-go v0.3.0/go.mod h1:r5quNTdLOYEz95Ru18zA0ydNbBuYoo9tgaYcxEYhJVE=
github.com/ivanzzeth/polymarket-go-data-client v0.0.2 h1:iluXwIn4jj4D32V+PpOUZhQWSZvRPTpiQHCcCW3H+Fg=
github.com/ivanzzeth/polymarket-go-data-client v0.0.2/go.mod h1:Vjd5Dnr2SUmcdipyPCnIXNlC5ElVo9eWJDc6zFGcxis=
github.com/ivanzzeth/polymarket-go-gamma-client v0.2.0 h1:DnVGZbwCk1nXykq6VzuxHTIGWi71puiW/X+KplE1BgE=
github.com/ivanzzeth/polymarket-go-gamma-client v0.2.0/go.mod h1:FWc0Kws2DUNmNiZPIP+K0z783bLFpRKhUJkfPD0mhiE=
github.com/modelcontextprotocol/go-sdk v1.1.0 h1:Qjayg53dnKC4UZ+792W21e4BpwEZBzwgRW6LrjLWSwA=
github.com/modelcontextprotocol/go-sdk v1.1.0/go.mod h1:6fM3LCm3yV7pAs8isnKLn07oKtB0MP9LHd3DfAcKw10=
github.com/shopspring/decimal v1.4.0 h1:bxl37RwXBklmTi0C79JfXCEBD1cqqHt0bbgBAGFp81k=
github.com/shopspring/decimal v1.4.0/go.mod h1:gawqmDU56v4yIKSwfBSFip1HdCCXN8/+DMd9qYNcwME=
github.com/yosida95/uritemplate/v3 v3.0.2 h1:Ed3Oyj9yrmi9087+NczuL5BwkIc4wvTb5zIM+UJPGz4=
github.com/yosida95/uritemplate/v3 v3.0.2/go.mod h1:ILOh0sOhIJR3+L/8afwt/kE++YT040gmv5BQTMR2HP4=
golang.org/x/oauth2 v0.30.0 h1:dnDm7JmhM45NNpd8FDDeLhK6FwqbOf4MLCM9zb1BOHI=
golang.org/x/oauth2 v0.30.0/go.mod h1:B++QgG3ZKulg6sRPGD/mqlHQs5rB3Ml9erfeDY7xKlU=
